lockfileVersion: '9.0'

settings:
  autoInstallPeers: true
  excludeLinksFromLockfile: false

importers:

  .:
    dependencies:
      '@supabase/supabase-js':
        specifier: ^2.52.0
        version: 2.84.0

packages:

  '@supabase/auth-js@2.84.0':
    resolution: {integrity: sha512-J6XKbqqg1HQPMfYkAT9BrC8anPpAiifl7qoVLsYhQq5B/dnu/lxab1pabnxtJEsvYG5rwI5HEVEGXMjoQ6Wz2Q==}
    engines: {node: '>=20.0.0'}

  '@supabase/functions-js@2.84.0':
    resolution: {integrity: sha512-2oY5QBV4py/s64zMlhPEz+4RTdlwxzmfhM1k2xftD2v1DruRZKfoe7Yn9DCz1VondxX8evcvpc2udEIGzHI+VA==}
    engines: {node: '>=20.0.0'}

  '@supabase/postgrest-js@2.84.0':
    resolution: {integrity: sha512-oplc/3jfJeVW4F0J8wqywHkjIZvOVHtqzF0RESijepDAv5Dn/LThlGW1ftysoP4+PXVIrnghAbzPHo88fNomPQ==}
    engines: {node: '>=20.0.0'}

  '@supabase/realtime-js@2.84.0':
    resolution: {integrity: sha512-ThqjxiCwWiZAroHnYPmnNl6tZk6jxGcG2a7Hp/3kcolPcMj89kWjUTA3cHmhdIWYsP84fHp8MAQjYWMLf7HEUg==}
    engines: {node: '>=20.0.0'}

  '@supabase/storage-js@2.84.0':
    resolution: {integrity: sha512-vXvAJ1euCuhryOhC6j60dG8ky+lk0V06ubNo+CbhuoUv+sl39PyY0lc+k+qpQhTk/VcI6SiM0OECLN83+nyJ5A==}
    engines: {node: '>=20.0.0'}

  '@supabase/supabase-js@2.84.0':
    resolution: {integrity: sha512-byMqYBvb91sx2jcZsdp0qLpmd4Dioe80e4OU/UexXftCkpTcgrkoENXHf5dO8FCSai8SgNeq16BKg10QiDI6xg==}
    engines: {node: '>=20.0.0'}

  '@types/node@24.10.1':
    resolution: {integrity: sha512-GNWcUTRBgIRJD5zj+Tq0fKOJ5XZajIiBroOF0yvj2bSU1WvNdYS/dn9UxwsujGW4JX06dnHyjV2y9rRaybH0iQ==}

  '@types/phoenix@1.6.6':
    resolution: {integrity: sha512-PIzZZlEppgrpoT2QgbnDU+MMzuR6BbCjllj0bM70lWoejMeNJAxCchxnv7J3XFkI8MpygtRpzXrIlmWUBclP5A==}

  '@types/ws@8.18.1':
    resolution: {integrity: sha512-ThVF6DCVhA8kUGy+aazFQ4kXQ7E1Ty7A3ypFOe0IcJV8O/M511G99AW24irKrW56Wt44yG9+ij8FaqoBGkuBXg==}

  tslib@2.8.1:
    resolution: {integrity: sha512-oJFu94HQb+KVduSUQL7wnpmqnfmLsOA/nAh6b6EH0wCEoK0/mPeXU6c3wKDV83MkOuHPRHtSXKKU99IBazS/2w==}

  undici-types@7.16.0:
    resolution: {integrity: sha512-Zz+aZWSj8LE6zoxD+xrjh4VfkIG8Ya6LvYkZqtUQGJPZjYl53ypCaUwWqo7eI0x66KBGeRo+mlBEkMSeSZ38Nw==}

  ws@8.18.3:
    resolution: {integrity: sha512-PEIGCY5tSlUt50cqyMXfCzX+oOPqN0vuGqWzbcJ2xvnkzkq46oOpz7dQaTDBdfICb4N14+GARUDw2XV2N4tvzg==}
    engines: {node: '>=10.0.0'}
    peerDependencies:
      bufferutil: ^4.0.1
      utf-8-validate: '>=5.0.2'
    peerDependenciesMeta:
      bufferutil:
        optional: true
      utf-8-validate:
        optional: true

snapshots:

  '@supabase/auth-js@2.84.0':
    dependencies:
      tslib: 2.8.1

  '@supabase/functions-js@2.84.0':
    dependencies:
      tslib: 2.8.1

  '@supabase/postgrest-js@2.84.0':
    dependencies:
      tslib: 2.8.1

  '@supabase/realtime-js@2.84.0':
    dependencies:
      '@types/phoenix': 1.6.6
      '@types/ws': 8.18.1
      tslib: 2.8.1
      ws: 8.18.3
    transitivePeerDependencies:
      - bufferutil
      - utf-8-validate

  '@supabase/storage-js@2.84.0':
    dependencies:
      tslib: 2.8.1

  '@supabase/supabase-js@2.84.0':
    dependencies:
      '@supabase/auth-js': 2.84.0
      '@supabase/functions-js': 2.84.0
      '@supabase/postgrest-js': 2.84.0
      '@supabase/realtime-js': 2.84.0
      '@supabase/storage-js': 2.84.0
    transitivePeerDependencies:
      - bufferutil
      - utf-8-validate

  '@types/node@24.10.1':
    dependencies:
      undici-types: 7.16.0

  '@types/phoenix@1.6.6': {}

  '@types/ws@8.18.1':
    dependencies:
      '@types/node': 24.10.1

  tslib@2.8.1: {}

  undici-types@7.16.0: {}

  ws@8.18.3: {}
